
Microsoft Visual Studio Solution File, Format Version 12.00
# Visual Studio 2013
VisualStudioVersion = 12.0.21005.1
MinimumVisualStudioVersion = 10.0.40219.1
Project("{FAE04EC0-301F-11D3-BF4B-00C04F79EFBC}") = "RehberMongoDB", "RehberMongoDB\RehberMongoDB.csproj", "{77AA49FA-BF34-4AD4-A7F6-E56D8DE4B5ED}"
EndProject
Project("{FAE04EC0-301F-11D3-BF4B-00C04F79EFBC}") = "RehberMongoDB.Tests", "RehberMongoDB.Tests\RehberMongoDB.Tests.csproj", "{D6F46D32-9BFD-4B26-8788-84ED10F1FE8C}"
EndProject
Global
	GlobalSection(SolutionConfigurationPlatforms) = preSolution
		Debug|Any CPU = Debug|Any CPU
		Release|Any CPU = Release|Any CPU
	EndGlobalSection
	GlobalSection(ProjectConfigurationPlatforms) = postSolution
		{77AA49FA-BF34-4AD4-A7F6-E56D8DE4B5ED}.Debug|Any CPU.ActiveCfg = Debug|Any CPU
		{77AA49FA-BF34-4AD4-A7F6-E56D8DE4B5ED}.Debug|Any CPU.Build.0 = Debug|Any CPU
		{77AA49FA-BF34-4AD4-A7F6-E56D8DE4B5ED}.Release|Any CPU.ActiveCfg = Release|Any CPU
		{77AA49FA-BF34-4AD4-A7F6-E56D8DE4B5ED}.Release|Any CPU.Build.0 = Release|Any CPU
		{D6F46D32-9BFD-4B26-8788-84ED10F1FE8C}.Debug|Any CPU.ActiveCfg = Debug|Any CPU
		{D6F46D32-9BFD-4B26-8788-84ED10F1FE8C}.Debug|Any CPU.Build.0 = Debug|Any CPU
		{D6F46D32-9BFD-4B26-8788-84ED10F1FE8C}.Release|Any CPU.ActiveCfg = Release|Any CPU
		{D6F46D32-9BFD-4B26-8788-84ED10F1FE8C}.Release|Any CPU.Build.0 = Release|Any CPU
	EndGlobalSection
	GlobalSection(SolutionProperties) = preSolution
		HideSolutionNode = FALSE
	EndGlobalSection
EndGlobal
